
Microsoft Visual Studio Solution File, Format Version 12.00
# Visual Studio Version 17
VisualStudioVersion = 17.9.34310.174
MinimumVisualStudioVersion = 10.0.40219.1
Project("{FAE04EC0-301F-11D3-BF4B-00C04F79EFBC}") = "MegaMenu.Blazor", "MegaMenu.Blazor\MegaMenu.Blazor\MegaMenu.Blazor.csproj", "{A829AC28-E064-4C24-9A9E-296A738006FF}"
EndProject
Project("{FAE04EC0-301F-11D3-BF4B-00C04F79EFBC}") = "MegaMenu.Blazor.Client", "MegaMenu.Blazor\MegaMenu.Blazor.Client\MegaMenu.Blazor.Client.csproj", "{C5F4AB97-B930-4EF7-9BBA-35BF3DB543D7}"
EndProject
Global
	GlobalSection(SolutionConfigurationPlatforms) = preSolution
		Debug|Any CPU = Debug|Any CPU
		Release|Any CPU = Release|Any CPU
	EndGlobalSection
	GlobalSection(ProjectConfigurationPlatforms) = postSolution
		{A829AC28-E064-4C24-9A9E-296A738006FF}.Debug|Any CPU.ActiveCfg = Debug|Any CPU
		{A829AC28-E064-4C24-9A9E-296A738006FF}.Debug|Any CPU.Build.0 = Debug|Any CPU
		{A829AC28-E064-4C24-9A9E-296A738006FF}.Release|Any CPU.ActiveCfg = Release|Any CPU
		{A829AC28-E064-4C24-9A9E-296A738006FF}.Release|Any CPU.Build.0 = Release|Any CPU
		{C5F4AB97-B930-4EF7-9BBA-35BF3DB543D7}.Debug|Any CPU.ActiveCfg = Debug|Any CPU
		{C5F4AB97-B930-4EF7-9BBA-35BF3DB543D7}.Debug|Any CPU.Build.0 = Debug|Any CPU
		{C5F4AB97-B930-4EF7-9BBA-35BF3DB543D7}.Release|Any CPU.ActiveCfg = Release|Any CPU
		{C5F4AB97-B930-4EF7-9BBA-35BF3DB543D7}.Release|Any CPU.Build.0 = Release|Any CPU
	EndGlobalSection
	GlobalSection(SolutionProperties) = preSolution
		HideSolutionNode = FALSE
	EndGlobalSection
	GlobalSection(ExtensibilityGlobals) = postSolution
		SolutionGuid = {37B69C9D-0B5A-4CF5-B635-1A8A3BF07269}
	EndGlobalSection
EndGlobal
